
Microsoft Visual Studio Solution File, Format Version 12.00
# Visual Studio Version 16
VisualStudioVersion = 16.0.31624.102
MinimumVisualStudioVersion = 10.0.40219.1
Project("{FAE04EC0-301F-11D3-BF4B-00C04F79EFBC}") = "Mvc_Tekrar", "Mvc_Tekrar\Mvc_Tekrar.csproj", "{00651E3A-A66F-484E-861B-7BA6FF24ECD6}"
EndProject
Global
	GlobalSection(SolutionConfigurationPlatforms) = preSolution
		Debug|Any CPU = Debug|Any CPU
		Release|Any CPU = Release|Any CPU
	EndGlobalSection
	GlobalSection(ProjectConfigurationPlatforms) = postSolution
		{00651E3A-A66F-484E-861B-7BA6FF24ECD6}.Debug|Any CPU.ActiveCfg = Debug|Any CPU
		{00651E3A-A66F-484E-861B-7BA6FF24ECD6}.Debug|Any CPU.Build.0 = Debug|Any CPU
		{00651E3A-A66F-484E-861B-7BA6FF24ECD6}.Release|Any CPU.ActiveCfg = Release|Any CPU
		{00651E3A-A66F-484E-861B-7BA6FF24ECD6}.Release|Any CPU.Build.0 = Release|Any CPU
	EndGlobalSection
	GlobalSection(SolutionProperties) = preSolution
		HideSolutionNode = FALSE
	EndGlobalSection
	GlobalSection(ExtensibilityGlobals) = postSolution
		SolutionGuid = {1C1BF00E-CE38-4D71-A023-9C0A9B18613F}
	EndGlobalSection
EndGlobal
